
Microsoft Visual Studio Solution File, Format Version 12.00
# Visual Studio Version 16
VisualStudioVersion = 16.0.30611.23
MinimumVisualStudioVersion = 10.0.40219.1
Project("{9A19103F-16F7-4668-BE54-9A1E7A4F7556}") = "EfsolCalculatorWeb", "EfsolCalculatorWeb\EfsolCalculatorWeb.csproj", "{4170252E-3A7D-4BAF-B345-C825DF8E7841}"
EndProject
Project("{2150E333-8FDC-42A3-9474-1A3956D46DE8}") = "Solution Items", "Solution Items", "{56598667-8872-4E0B-A913-4DB4104DF80E}"
	ProjectSection(SolutionItems) = preProject
		..\..\Downloads\Резюме Касымов Тилек.pdf = ..\..\Downloads\Резюме Касымов Тилек.pdf
	EndProjectSection
EndProject
Global
	GlobalSection(SolutionConfigurationPlatforms) = preSolution
		Debug|Any CPU = Debug|Any CPU
		Release|Any CPU = Release|Any CPU
	EndGlobalSection
	GlobalSection(ProjectConfigurationPlatforms) = postSolution
		{4170252E-3A7D-4BAF-B345-C825DF8E7841}.Debug|Any CPU.ActiveCfg = Debug|Any CPU
		{4170252E-3A7D-4BAF-B345-C825DF8E7841}.Debug|Any CPU.Build.0 = Debug|Any CPU
		{4170252E-3A7D-4BAF-B345-C825DF8E7841}.Release|Any CPU.ActiveCfg = Release|Any CPU
		{4170252E-3A7D-4BAF-B345-C825DF8E7841}.Release|Any CPU.Build.0 = Release|Any CPU
	EndGlobalSection
	GlobalSection(SolutionProperties) = preSolution
		HideSolutionNode = FALSE
	EndGlobalSection
	GlobalSection(ExtensibilityGlobals) = postSolution
		SolutionGuid = {54E88D37-AF5E-42CF-8A40-737191202962}
	EndGlobalSection
EndGlobal
